
Microsoft Visual Studio Solution File, Format Version 12.00
# Visual Studio Version 17
VisualStudioVersion = 17.6.33829.357
MinimumVisualStudioVersion = 10.0.40219.1
Project("{FAE04EC0-301F-11D3-BF4B-00C04F79EFBC}") = "bartolucci.alessandro.4i.rubrica", "bartolucci.alessandro.4i.rubrica.csproj", "{CC0CD45D-48CF-4363-ACAA-C4B3C1F12976}"
EndProject
Global
	GlobalSection(SolutionConfigurationPlatforms) = preSolution
		Debug|Any CPU = Debug|Any CPU
		Release|Any CPU = Release|Any CPU
	EndGlobalSection
	GlobalSection(ProjectConfigurationPlatforms) = postSolution
		{CC0CD45D-48CF-4363-ACAA-C4B3C1F12976}.Debug|Any CPU.ActiveCfg = Debug|Any CPU
		{CC0CD45D-48CF-4363-ACAA-C4B3C1F12976}.Debug|Any CPU.Build.0 = Debug|Any CPU
		{CC0CD45D-48CF-4363-ACAA-C4B3C1F12976}.Release|Any CPU.ActiveCfg = Release|Any CPU
		{CC0CD45D-48CF-4363-ACAA-C4B3C1F12976}.Release|Any CPU.Build.0 = Release|Any CPU
	EndGlobalSection
	GlobalSection(SolutionProperties) = preSolution
		HideSolutionNode = FALSE
	EndGlobalSection
	GlobalSection(ExtensibilityGlobals) = postSolution
		SolutionGuid = {11DC7B66-4E29-4405-80A2-A916EECB5621}
	EndGlobalSection
EndGlobal
